
Microsoft Visual Studio Solution File, Format Version 12.00
# Visual Studio Version 17
VisualStudioVersion = 17.14.36511.14
MinimumVisualStudioVersion = 10.0.40219.1
Project("{2150E333-8FDC-42A3-9474-1A3956D46DE8}") = "Task0", "Task0", "{02EA681E-C7D8-13C7-8484-4AC65E1B71E8}"
EndProject
Project("{FAE04EC0-301F-11D3-BF4B-00C04F79EFBC}") = "Tyuiu.RomanovichEN.Sprint6.Task0.V21.Test", "Tyuiu.RomanovichEN.Sprint6.Task0.V21.Test\Tyuiu.RomanovichEN.Sprint6.Task0.V21.Test.csproj", "{8AC18EA6-3A7A-475D-B84E-BFAF191201EA}"
EndProject
Project("{FAE04EC0-301F-11D3-BF4B-00C04F79EFBC}") = "Tyuiu.RomanovichEN.Sprint6.Task0.V21.Lib", "Tyuiu.RomanovichEN.Sprint6.Task0.V21.Lib\Tyuiu.RomanovichEN.Sprint6.Task0.V21.Lib.csproj", "{65AE2212-D1E9-48CC-93AA-4F496441B549}"
EndProject
Project("{FAE04EC0-301F-11D3-BF4B-00C04F79EFBC}") = "Tyuiu.RomanovichEN.Sprint6.Task0.V21", "Tyuiu.RomanovichEN.Sprint6.Task0.V21\Tyuiu.RomanovichEN.Sprint6.Task0.V21.csproj", "{FB616D60-FA28-4AE9-80C5-9C8D5A05DDED}"
EndProject
Project("{2150E333-8FDC-42A3-9474-1A3956D46DE8}") = "Task1", "Task1", "{1C6FCEE6-D6CC-499D-96AE-6F8083BC0E18}"
EndProject
Project("{FAE04EC0-301F-11D3-BF4B-00C04F79EFBC}") = "Tyuiu.RomanovichEN.Sprint6.Task1.V16.Test", "Tyuiu.RomanovichEN.Sprint6.Task1.V16.Test\Tyuiu.RomanovichEN.Sprint6.Task1.V16.Test.csproj", "{937BA7CB-82DE-4240-A3D8-B7FC484172C7}"
EndProject
Project("{FAE04EC0-301F-11D3-BF4B-00C04F79EFBC}") = "Tyuiu.RomanovichEN.Sprint6.Task1.V16.Lib", "Tyuiu.RomanovichEN.Sprint6.Task1.V16.Lib\Tyuiu.RomanovichEN.Sprint6.Task1.V16.Lib.csproj", "{55BC7FB3-7B6E-49F9-A8F0-D0C6447646FE}"
EndProject
Project("{FAE04EC0-301F-11D3-BF4B-00C04F79EFBC}") = "Tyuiu.RomanovichEN.Sprint6.Task1.V16", "Tyuiu.RomanovichEN.Sprint6.Task1.V16\Tyuiu.RomanovichEN.Sprint6.Task1.V16.csproj", "{C1383233-8254-4768-AF5E-59FE7E1CB98B}"
EndProject
Project("{2150E333-8FDC-42A3-9474-1A3956D46DE8}") = "Task2", "Task2", "{4E022B7F-7907-4173-BD0F-AD375B126C1D}"
EndProject
Project("{FAE04EC0-301F-11D3-BF4B-00C04F79EFBC}") = "Tyuiu.RomanovichEN.Sprint6.Task2.V27.Test", "Tyuiu.RomanovichEN.Sprint6.Task2.V27.Test\Tyuiu.RomanovichEN.Sprint6.Task2.V27.Test.csproj", "{1173D3BC-957E-4B2B-BFB7-CD928D849BE5}"
EndProject
Project("{FAE04EC0-301F-11D3-BF4B-00C04F79EFBC}") = "Tyuiu.RomanovichEN.Sprint6.Task2.V27.Lib", "Tyuiu.RomanovichEN.Sprint6.Task2.V27.Lib\Tyuiu.RomanovichEN.Sprint6.Task2.V27.Lib.csproj", "{DABD9D37-1AA2-44D1-A12E-37B97BAABB6A}"
EndProject
Project("{FAE04EC0-301F-11D3-BF4B-00C04F79EFBC}") = "Tyuiu.RomanovichEN.Sprint6.Task2.V27", "Tyuiu.RomanovichEN.Sprint6.Task2.V27\Tyuiu.RomanovichEN.Sprint6.Task2.V27.csproj", "{B2988E43-3F0D-4EFA-A8CB-BDECC731B7AC}"
EndProject
Global
	GlobalSection(SolutionConfigurationPlatforms) = preSolution
		Debug|Any CPU = Debug|Any CPU
		Release|Any CPU = Release|Any CPU
	EndGlobalSection
	GlobalSection(ProjectConfigurationPlatforms) = postSolution
		{8AC18EA6-3A7A-475D-B84E-BFAF191201EA}.Debug|Any CPU.ActiveCfg = Debug|Any CPU
		{8AC18EA6-3A7A-475D-B84E-BFAF191201EA}.Debug|Any CPU.Build.0 = Debug|Any CPU
		{8AC18EA6-3A7A-475D-B84E-BFAF191201EA}.Release|Any CPU.ActiveCfg = Release|Any CPU
		{8AC18EA6-3A7A-475D-B84E-BFAF191201EA}.Release|Any CPU.Build.0 = Release|Any CPU
		{65AE2212-D1E9-48CC-93AA-4F496441B549}.Debug|Any CPU.ActiveCfg = Debug|Any CPU
		{65AE2212-D1E9-48CC-93AA-4F496441B549}.Debug|Any CPU.Build.0 = Debug|Any CPU
		{65AE2212-D1E9-48CC-93AA-4F496441B549}.Release|Any CPU.ActiveCfg = Release|Any CPU
		{65AE2212-D1E9-48CC-93AA-4F496441B549}.Release|Any CPU.Build.0 = Release|Any CPU
		{FB616D60-FA28-4AE9-80C5-9C8D5A05DDED}.Debug|Any CPU.ActiveCfg = Debug|Any CPU
		{FB616D60-FA28-4AE9-80C5-9C8D5A05DDED}.Debug|Any CPU.Build.0 = Debug|Any CPU
		{FB616D60-FA28-4AE9-80C5-9C8D5A05DDED}.Release|Any CPU.ActiveCfg = Release|Any CPU
		{FB616D60-FA28-4AE9-80C5-9C8D5A05DDED}.Release|Any CPU.Build.0 = Release|Any CPU
		{937BA7CB-82DE-4240-A3D8-B7FC484172C7}.Debug|Any CPU.ActiveCfg = Debug|Any CPU
		{937BA7CB-82DE-4240-A3D8-B7FC484172C7}.Debug|Any CPU.Build.0 = Debug|Any CPU
		{937BA7CB-82DE-4240-A3D8-B7FC484172C7}.Release|Any CPU.ActiveCfg = Release|Any CPU
		{937BA7CB-82DE-4240-A3D8-B7FC484172C7}.Release|Any CPU.Build.0 = Release|Any CPU
		{55BC7FB3-7B6E-49F9-A8F0-D0C6447646FE}.Debug|Any CPU.ActiveCfg = Debug|Any CPU
		{55BC7FB3-7B6E-49F9-A8F0-D0C6447646FE}.Debug|Any CPU.Build.0 = Debug|Any CPU
		{55BC7FB3-7B6E-49F9-A8F0-D0C6447646FE}.Release|Any CPU.ActiveCfg = Release|Any CPU
		{55BC7FB3-7B6E-49F9-A8F0-D0C6447646FE}.Release|Any CPU.Build.0 = Release|Any CPU
		{C1383233-8254-4768-AF5E-59FE7E1CB98B}.Debug|Any CPU.ActiveCfg = Debug|Any CPU
		{C1383233-8254-4768-AF5E-59FE7E1CB98B}.Debug|Any CPU.Build.0 = Debug|Any CPU
		{C1383233-8254-4768-AF5E-59FE7E1CB98B}.Release|Any CPU.ActiveCfg = Release|Any CPU
		{C1383233-8254-4768-AF5E-59FE7E1CB98B}.Release|Any CPU.Build.0 = Release|Any CPU
		{1173D3BC-957E-4B2B-BFB7-CD928D849BE5}.Debug|Any CPU.ActiveCfg = Debug|Any CPU
		{1173D3BC-957E-4B2B-BFB7-CD928D849BE5}.Debug|Any CPU.Build.0 = Debug|Any CPU
		{1173D3BC-957E-4B2B-BFB7-CD928D849BE5}.Release|Any CPU.ActiveCfg = Release|Any CPU
		{1173D3BC-957E-4B2B-BFB7-CD928D849BE5}.Release|Any CPU.Build.0 = Release|Any CPU
		{DABD9D37-1AA2-44D1-A12E-37B97BAABB6A}.Debug|Any CPU.ActiveCfg = Debug|Any CPU
		{DABD9D37-1AA2-44D1-A12E-37B97BAABB6A}.Debug|Any CPU.Build.0 = Debug|Any CPU
		{DABD9D37-1AA2-44D1-A12E-37B97BAABB6A}.Release|Any CPU.ActiveCfg = Release|Any CPU
		{DABD9D37-1AA2-44D1-A12E-37B97BAABB6A}.Release|Any CPU.Build.0 = Release|Any CPU
		{B2988E43-3F0D-4EFA-A8CB-BDECC731B7AC}.Debug|Any CPU.ActiveCfg = Debug|Any CPU
		{B2988E43-3F0D-4EFA-A8CB-BDECC731B7AC}.Debug|Any CPU.Build.0 = Debug|Any CPU
		{B2988E43-3F0D-4EFA-A8CB-BDECC731B7AC}.Release|Any CPU.ActiveCfg = Release|Any CPU
		{B2988E43-3F0D-4EFA-A8CB-BDECC731B7AC}.Release|Any CPU.Build.0 = Release|Any CPU
	EndGlobalSection
	GlobalSection(SolutionProperties) = preSolution
		HideSolutionNode = FALSE
	EndGlobalSection
	GlobalSection(NestedProjects) = preSolution
		{8AC18EA6-3A7A-475D-B84E-BFAF191201EA} = {02EA681E-C7D8-13C7-8484-4AC65E1B71E8}
		{65AE2212-D1E9-48CC-93AA-4F496441B549} = {02EA681E-C7D8-13C7-8484-4AC65E1B71E8}
		{FB616D60-FA28-4AE9-80C5-9C8D5A05DDED} = {02EA681E-C7D8-13C7-8484-4AC65E1B71E8}
		{937BA7CB-82DE-4240-A3D8-B7FC484172C7} = {1C6FCEE6-D6CC-499D-96AE-6F8083BC0E18}
		{55BC7FB3-7B6E-49F9-A8F0-D0C6447646FE} = {1C6FCEE6-D6CC-499D-96AE-6F8083BC0E18}
		{C1383233-8254-4768-AF5E-59FE7E1CB98B} = {1C6FCEE6-D6CC-499D-96AE-6F8083BC0E18}
		{1173D3BC-957E-4B2B-BFB7-CD928D849BE5} = {4E022B7F-7907-4173-BD0F-AD375B126C1D}
		{DABD9D37-1AA2-44D1-A12E-37B97BAABB6A} = {4E022B7F-7907-4173-BD0F-AD375B126C1D}
		{B2988E43-3F0D-4EFA-A8CB-BDECC731B7AC} = {4E022B7F-7907-4173-BD0F-AD375B126C1D}
	EndGlobalSection
	GlobalSection(ExtensibilityGlobals) = postSolution
		SolutionGuid = {B62B8B2B-0867-421C-AC38-0F63C2CCFD5D}
	EndGlobalSection
EndGlobal
